
Microsoft Visual Studio Solution File, Format Version 12.00
# Visual Studio Version 17
VisualStudioVersion = 17.1.32328.378
MinimumVisualStudioVersion = 10.0.40219.1
Project("{FAE04EC0-301F-11D3-BF4B-00C04F79EFBC}") = "ProductAPI", "ProductAPI\ProductAPI.csproj", "{79D76496-F357-40F8-8365-26C6D36CC227}"
EndProject
Global
	GlobalSection(SolutionConfigurationPlatforms) = preSolution
		Debug|Any CPU = Debug|Any CPU
		Release|Any CPU = Release|Any CPU
	EndGlobalSection
	GlobalSection(ProjectConfigurationPlatforms) = postSolution
		{79D76496-F357-40F8-8365-26C6D36CC227}.Debug|Any CPU.ActiveCfg = Debug|Any CPU
		{79D76496-F357-40F8-8365-26C6D36CC227}.Debug|Any CPU.Build.0 = Debug|Any CPU
		{79D76496-F357-40F8-8365-26C6D36CC227}.Release|Any CPU.ActiveCfg = Release|Any CPU
		{79D76496-F357-40F8-8365-26C6D36CC227}.Release|Any CPU.Build.0 = Release|Any CPU
	EndGlobalSection
	GlobalSection(SolutionProperties) = preSolution
		HideSolutionNode = FALSE
	EndGlobalSection
	GlobalSection(ExtensibilityGlobals) = postSolution
		SolutionGuid = {CB190A28-422A-416E-8833-6B9BCD3CAE1C}
	EndGlobalSection
EndGlobal
